
Microsoft Visual Studio Solution File, Format Version 12.00
Project("{FAE04EC0-301F-11D3-BF4B-00C04F79EFBC}") = "PersonalSite.Web", "PersonalSite.Web\PersonalSite.Web.csproj", "{1509C65C-A5D3-41A2-9874-C5A84A61F511}"
EndProject
Project("{FAE04EC0-301F-11D3-BF4B-00C04F79EFBC}") = "PersonalSite.ContentModel", "PersonalSite.ContentModel\PersonalSite.ContentModel.csproj", "{707154A0-F491-47D6-868D-755DFF4B2B7C}"
EndProject
Project("{2150E333-8FDC-42A3-9474-1A3956D46DE8}") = "config", "config", "{29942F4C-9E60-42D0-93AF-C36B3E107F60}"
	ProjectSection(SolutionItems) = preProject
		.dockerignore = .dockerignore
		.gitignore = .gitignore
		global.json = global.json
		LICENSE = LICENSE
	EndProjectSection
EndProject
Global
	GlobalSection(SolutionConfigurationPlatforms) = preSolution
		Debug|Any CPU = Debug|Any CPU
		Release|Any CPU = Release|Any CPU
	EndGlobalSection
	GlobalSection(ProjectConfigurationPlatforms) = postSolution
		{1509C65C-A5D3-41A2-9874-C5A84A61F511}.Debug|Any CPU.ActiveCfg = Debug|Any CPU
		{1509C65C-A5D3-41A2-9874-C5A84A61F511}.Debug|Any CPU.Build.0 = Debug|Any CPU
		{1509C65C-A5D3-41A2-9874-C5A84A61F511}.Release|Any CPU.ActiveCfg = Release|Any CPU
		{1509C65C-A5D3-41A2-9874-C5A84A61F511}.Release|Any CPU.Build.0 = Release|Any CPU
		{707154A0-F491-47D6-868D-755DFF4B2B7C}.Debug|Any CPU.ActiveCfg = Debug|Any CPU
		{707154A0-F491-47D6-868D-755DFF4B2B7C}.Debug|Any CPU.Build.0 = Debug|Any CPU
		{707154A0-F491-47D6-868D-755DFF4B2B7C}.Release|Any CPU.ActiveCfg = Release|Any CPU
		{707154A0-F491-47D6-868D-755DFF4B2B7C}.Release|Any CPU.Build.0 = Release|Any CPU
	EndGlobalSection
EndGlobal
